
Microsoft Visual Studio Solution File, Format Version 12.00
Project("{FAE04EC0-301F-11D3-BF4B-00C04F79EFBC}") = "Frontend_For_Chat", "Frontend_For_Chat\Frontend_For_Chat.csproj", "{D42DAA61-D032-49DB-8D97-6CB35B1E15AA}"
EndProject
Global
	GlobalSection(SolutionConfigurationPlatforms) = preSolution
		Debug|Any CPU = Debug|Any CPU
		Release|Any CPU = Release|Any CPU
	EndGlobalSection
	GlobalSection(ProjectConfigurationPlatforms) = postSolution
		{D42DAA61-D032-49DB-8D97-6CB35B1E15AA}.Debug|Any CPU.ActiveCfg = Debug|Any CPU
		{D42DAA61-D032-49DB-8D97-6CB35B1E15AA}.Debug|Any CPU.Build.0 = Debug|Any CPU
		{D42DAA61-D032-49DB-8D97-6CB35B1E15AA}.Release|Any CPU.ActiveCfg = Release|Any CPU
		{D42DAA61-D032-49DB-8D97-6CB35B1E15AA}.Release|Any CPU.Build.0 = Release|Any CPU
	EndGlobalSection
EndGlobal
